
Microsoft Visual Studio Solution File, Format Version 12.00
# Visual Studio Version 17
VisualStudioVersion = 17.9.34622.214
MinimumVisualStudioVersion = 10.0.40219.1
Project("{9A19103F-16F7-4668-BE54-9A1E7A4F7556}") = "PortifolioAPI", "PortifolioAPI\PortifolioAPI.csproj", "{EA706D87-AEB9-4FE1-A22A-C266B40BC697}"
EndProject
Project("{FAE04EC0-301F-11D3-BF4B-00C04F79EFBC}") = "PortifolioWeb", "PortifolioWeb\PortifolioWeb.csproj", "{A86B99C8-51EB-4CB9-BF97-DED4EFC20022}"
EndProject
Project("{FAE04EC0-301F-11D3-BF4B-00C04F79EFBC}") = "Portifilio_Utility", "Portifilio_Utility\Portifilio_Utility.csproj", "{ECBEEF5C-C69F-47A7-B74C-27AD12AC0484}"
EndProject
Global
	GlobalSection(SolutionConfigurationPlatforms) = preSolution
		Debug|Any CPU = Debug|Any CPU
		Release|Any CPU = Release|Any CPU
	EndGlobalSection
	GlobalSection(ProjectConfigurationPlatforms) = postSolution
		{EA706D87-AEB9-4FE1-A22A-C266B40BC697}.Debug|Any CPU.ActiveCfg = Debug|Any CPU
		{EA706D87-AEB9-4FE1-A22A-C266B40BC697}.Debug|Any CPU.Build.0 = Debug|Any CPU
		{EA706D87-AEB9-4FE1-A22A-C266B40BC697}.Release|Any CPU.ActiveCfg = Release|Any CPU
		{EA706D87-AEB9-4FE1-A22A-C266B40BC697}.Release|Any CPU.Build.0 = Release|Any CPU
		{A86B99C8-51EB-4CB9-BF97-DED4EFC20022}.Debug|Any CPU.ActiveCfg = Debug|Any CPU
		{A86B99C8-51EB-4CB9-BF97-DED4EFC20022}.Debug|Any CPU.Build.0 = Debug|Any CPU
		{A86B99C8-51EB-4CB9-BF97-DED4EFC20022}.Release|Any CPU.ActiveCfg = Release|Any CPU
		{A86B99C8-51EB-4CB9-BF97-DED4EFC20022}.Release|Any CPU.Build.0 = Release|Any CPU
		{ECBEEF5C-C69F-47A7-B74C-27AD12AC0484}.Debug|Any CPU.ActiveCfg = Debug|Any CPU
		{ECBEEF5C-C69F-47A7-B74C-27AD12AC0484}.Debug|Any CPU.Build.0 = Debug|Any CPU
		{ECBEEF5C-C69F-47A7-B74C-27AD12AC0484}.Release|Any CPU.ActiveCfg = Release|Any CPU
		{ECBEEF5C-C69F-47A7-B74C-27AD12AC0484}.Release|Any CPU.Build.0 = Release|Any CPU
	EndGlobalSection
	GlobalSection(SolutionProperties) = preSolution
		HideSolutionNode = FALSE
	EndGlobalSection
	GlobalSection(ExtensibilityGlobals) = postSolution
		SolutionGuid = {14D744B7-D777-49A2-BF7D-A3F8206DCCBF}
	EndGlobalSection
EndGlobal
